<Solution>
  <Folder Name="/src/">
    <Project Path="src/OrderProcessing.Api/OrderProcessing.Api.csproj" />
  </Folder>
  <Folder Name="/src/BuildingBlocks/">
    <Project Path="src/BuildingBlocks/BuildingBlocks.Application/BuildingBlocks.Application.csproj" />
    <Project Path="src/BuildingBlocks/BuildingBlocks.Contracts/BuildingBlocks.Contracts.csproj" />
    <Project Path="src/BuildingBlocks/BuildingBlocks.Domain/BuildingBlocks.Domain.csproj" />
    <Project Path="src/BuildingBlocks/BuildingBlocks.Infrastructure/BuildingBlocks.Infrastructure.csproj" />
  </Folder>
  <Folder Name="/src/Modules/" />
  <Folder Name="/src/Modules/Inventory/">
    <Project Path="src/Modules/Inventory/Inventory.Application/Inventory.Application.csproj" />
    <Project Path="src/Modules/Inventory/Inventory.Contracts/Inventory.Contracts.csproj" />
    <Project Path="src/Modules/Inventory/Inventory.Domain/Inventory.Domain.csproj" />
    <Project Path="src/Modules/Inventory/Inventory.Infrastructure/Inventory.Infrastructure.csproj" />
  </Folder>
  <Folder Name="/src/Modules/Orders/">
    <Project Path="src/Modules/Orders/Orders.Application/Orders.Application.csproj" />
    <Project Path="src/Modules/Orders/Orders.Contracts/Orders.Contracts.csproj" />
    <Project Path="src/Modules/Orders/Orders.Domain/Orders.Domain.csproj" />
    <Project Path="src/Modules/Orders/Orders.Infrastructure/Orders.Infrastructure.csproj" />
  </Folder>
  <Folder Name="/src/Modules/Payments/">
    <Project Path="src/Modules/Payments/Payments.Application/Payments.Application.csproj" />
    <Project Path="src/Modules/Payments/Payments.Contracts/Payments.Contracts.csproj" />
    <Project Path="src/Modules/Payments/Payments.Domain/Payments.Domain.csproj" />
    <Project Path="src/Modules/Payments/Payments.Infrastructure/Payments.Infrastructure.csproj" />
  </Folder>
  <Folder Name="/src/Modules/Pricing/">
    <Project Path="src/Modules/Pricing/Pricing.Application/Pricing.Application.csproj" />
    <Project Path="src/Modules/Pricing/Pricing.Contracts/Pricing.Contracts.csproj" />
    <Project Path="src/Modules/Pricing/Pricing.Domain/Pricing.Domain.csproj" />
    <Project Path="src/Modules/Pricing/Pricing.Infrastructure/Pricing.Infrastructure.csproj" />
  </Folder>
  <Folder Name="/src/Modules/Shipping/">
    <Project Path="src/Modules/Shipping/Shipping.Application/Shipping.Application.csproj" />
    <Project Path="src/Modules/Shipping/Shipping.Contracts/Shipping.Contracts.csproj" />
    <Project Path="src/Modules/Shipping/Shipping.Domain/Shipping.Domain.csproj" />
    <Project Path="src/Modules/Shipping/Shipping.Infrastructure/Shipping.Infrastructure.csproj" />
  </Folder>
  <Folder Name="/tests/">
    <Project Path="tests/OrderProcessing.ArchitectureTests/OrderProcessing.ArchitectureTests.csproj" />
    <Project Path="tests/OrderProcessing.ContractTests/OrderProcessing.ContractTests.csproj" />
    <Project Path="tests/OrderProcessing.IntegrationTests/OrderProcessing.IntegrationTests.csproj" />
    <Project Path="tests/OrderProcessing.UnitTests/OrderProcessing.UnitTests.csproj" />
  </Folder>
</Solution>
